
Microsoft Visual Studio Solution File, Format Version 12.00
# Visual Studio Version 17
VisualStudioVersion = 17.8.34330.188
MinimumVisualStudioVersion = 10.0.40219.1
Project("{FAE04EC0-301F-11D3-BF4B-00C04F79EFBC}") = "calculator", "calculator\calculator.csproj", "{115275CD-9C7C-44AA-A1BF-C071121EAA45}"
EndProject
Global
	GlobalSection(SolutionConfigurationPlatforms) = preSolution
		Debug|Any CPU = Debug|Any CPU
		Release|Any CPU = Release|Any CPU
	EndGlobalSection
	GlobalSection(ProjectConfigurationPlatforms) = postSolution
		{115275CD-9C7C-44AA-A1BF-C071121EAA45}.Debug|Any CPU.ActiveCfg = Debug|Any CPU
		{115275CD-9C7C-44AA-A1BF-C071121EAA45}.Debug|Any CPU.Build.0 = Debug|Any CPU
		{115275CD-9C7C-44AA-A1BF-C071121EAA45}.Release|Any CPU.ActiveCfg = Release|Any CPU
		{115275CD-9C7C-44AA-A1BF-C071121EAA45}.Release|Any CPU.Build.0 = Release|Any CPU
	EndGlobalSection
	GlobalSection(SolutionProperties) = preSolution
		HideSolutionNode = FALSE
	EndGlobalSection
	GlobalSection(ExtensibilityGlobals) = postSolution
		SolutionGuid = {5B76B91E-2A29-4A51-B973-1B9141A2F69B}
	EndGlobalSection
EndGlobal
